<Solution>
  <Project Path="Application/Application.csproj" />
  <Project Path="Domain/Domain.csproj" />
  <Project Path="Infrastructure/Infrastructure.csproj" />
  <Project Path="LegacyDataImporterAPI/LegacyDataImporterAPI.csproj" />
  <Project Path="LegacyDataImporterTests/LegacyDataImporterTests.csproj" />
</Solution>
